// !$*UTF8*$!
{
	archiveVersion = 1;
	classes = {
	};
	objectVersion = 46;
	objects = {

/* Begin PBXBuildFile section */
		D89693511A2ADBD400FF32D1 /* AppDelegate.swift in Sources */ = {isa = PBXBuildFile; fileRef = D89693501A2ADBD400FF32D1 /* AppDelegate.swift */; };
		D89693531A2ADBD400FF32D1 /* ViewController.swift in Sources */ = {isa = PBXBuildFile; fileRef = D89693521A2ADBD400FF32D1 /* ViewController.swift */; };
		D89693561A2ADBD400FF32D1 /* Main.storyboard in Resources */ = {isa = PBXBuildFile; fileRef = D89693541A2ADBD400FF32D1 /* Main.storyboard */; };
		D89693581A2ADBD400FF32D1 /* Images.xcassets in Resources */ = {isa = PBXBuildFile; fileRef = D89693571A2ADBD400FF32D1 /* Images.xcassets */; };
		D896935B1A2ADBD400FF32D1 /* LaunchScreen.xib in Resources */ = {isa = PBXBuildFile; fileRef = D89693591A2ADBD400FF32D1 /* LaunchScreen.xib */; };
		D89693671A2ADBD400FF32D1 /* HealthTipSwiftTests.swift in Sources */ = {isa = PBXBuildFile; fileRef = D89693661A2ADBD400FF32D1 /* HealthTipSwiftTests.swift */; };
/* End PBXBuildFile section */

/* Begin PBXContainerItemProxy section */
		D89693611A2ADBD400FF32D1 /* PBXContainerItemProxy */ = {
			isa = PBXContainerItemProxy;
			containerPortal = D89693431A2ADBD400FF32D1 /* Project object */;
			proxyType = 1;
			remoteGlobalIDString = D896934A1A2ADBD400FF32D1;
			remoteInfo = HealthTipSwift;
		};
/* End PBXContainerItemProxy section */

/* Begin PBXFileReference section */
		D896934B1A2ADBD400FF32D1 /* HealthTipSwift.app */ = {isa = PBXFileReference; explicitFileType = wrapper.application; includeInIndex = 0; path = HealthTipSwift.app; sourceTree = BUILT_PRODUCTS_DIR; };
		D896934F1A2ADBD400FF32D1 /* Info.plist */ = {isa = PBXFileReference; lastKnownFileType = text.plist.xml; path = Info.plist; sourceTree = "<group>"; };
		D89693501A2ADBD400FF32D1 /* AppDelegate.swift */ = {isa = PBXFileReference; lastKnownFileType = sourcecode.swift; path = AppDelegate.swift; sourceTree = "<group>"; };
		D89693521A2ADBD400FF32D1 /* ViewController.swift */ = {isa = PBXFileReference; lastKnownFileType = sourcecode.swift; path = ViewController.swift; sourceTree = "<group>"; };
		D89693551A2ADBD400FF32D1 /* Base */ = {isa = PBXFileReference; lastKnownFileType = file.storyboard; name = Base; path = Base.lproj/Main.storyboard; sourceTree = "<group>"; };
		D89693571A2ADBD400FF32D1 /* Images.xcassets */ = {isa = PBXFileReference; lastKnownFileType = folder.assetcatalog; path = Images.xcassets; sourceTree = "<group>"; };
		D896935A1A2ADBD400FF32D1 /* Base */ = {isa = PBXFileReference; lastKnownFileType = file.xib; name = Base; path = Base.lproj/LaunchScreen.xib; sourceTree = "<group>"; };
		D89693601A2ADBD400FF32D1 /* HealthTipSwiftTests.xctest */ = {isa = PBXFileReference; explicitFileType = wrapper.cfbundle; includeInIndex = 0; path = HealthTipSwiftTests.xctest; sourceTree = BUILT_PRODUCTS_DIR; };
		D89693651A2ADBD400FF32D1 /* Info.plist */ = {isa = PBXFileReference; lastKnownFileType = text.plist.xml; path = Info.plist; sourceTree = "<group>"; };
		D89693661A2ADBD400FF32D1 /* HealthTipSwiftTests.swift */ = {isa = PBXFileReference; lastKnownFileType = sourcecode.swift; path = HealthTipSwiftTests.swift; sourceTree = "<group>"; };
/* End PBXFileReference section */

/* Begin PBXFrameworksBuildPhase section */
		D89693481A2ADBD400FF32D1 /* Frameworks */ = {
			isa = PBXFrameworksBuildPhase;
			buildActionMask = 2147483647;
			files = (
			);
			runOnlyForDeploymentPostprocessing = 0;
		};
		D896935D1A2ADBD400FF32D1 /* Frameworks */ = {
			isa = PBXFrameworksBuildPhase;
			buildActionMask = 2147483647;
			files = (
			);
			runOnlyForDeploymentPostprocessing = 0;
		};
/* End PBXFrameworksBuildPhase section */

/* Begin PBXGroup section */
		D89693421A2ADBD400FF32D1 = {
			isa = PBXGroup;
			children = (
				D896934D1A2ADBD400FF32D1 /* HealthTipSwift */,
				D89693631A2ADBD400FF32D1 /* HealthTipSwiftTests */,
				D896934C1A2ADBD400FF32D1 /* Products */,
			);
			sourceTree = "<group>";
		};
		D896934C1A2ADBD400FF32D1 /* Products */ = {
			isa = PBXGroup;
			children = (
				D896934B1A2ADBD400FF32D1 /* HealthTipSwift.app */,
				D89693601A2ADBD400FF32D1 /* HealthTipSwiftTests.xctest */,
			);
			name = Products;
			sourceTree = "<group>";
		};
		D896934D1A2ADBD400FF32D1 /* HealthTipSwift */ = {
			isa = PBXGroup;
			children = (
				D89693501A2ADBD400FF32D1 /* AppDelegate.swift */,
				D89693521A2ADBD400FF32D1 /* ViewController.swift */,
				D89693541A2ADBD400FF32D1 /* Main.storyboard */,
				D89693571A2ADBD400FF32D1 /* Images.xcassets */,
				D89693591A2ADBD400FF32D1 /* LaunchScreen.xib */,
				D896934E1A2ADBD400FF32D1 /* Supporting Files */,
			);
			path = HealthTipSwift;
			sourceTree = "<group>";
		};
		D896934E1A2ADBD400FF32D1 /* Supporting Files */ = {
			isa = PBXGroup;
			children = (
				D896934F1A2ADBD400FF32D1 /* Info.plist */,
			);
			name = "Supporting Files";
			sourceTree = "<group>";
		};
		D89693631A2ADBD400FF32D1 /* HealthTipSwiftTests */ = {
			isa = PBXGroup;
			children = (
				D89693661A2ADBD400FF32D1 /* HealthTipSwiftTests.swift */,
				D89693641A2ADBD400FF32D1 /* Supporting Files */,
			);
			path = HealthTipSwiftTests;
			sourceTree = "<group>";
		};
		D89693641A2ADBD400FF32D1 /* Supporting Files */ = {
			isa = PBXGroup;
			children = (
				D89693651A2ADBD400FF32D1 /* Info.plist */,
			);
			name = "Supporting Files";
			sourceTree = "<group>";
		};
/* End PBXGroup section */

/* Begin PBXNativeTarget section */
		D896934A1A2ADBD400FF32D1 /* HealthTipSwift */ = {
			isa = PBXNativeTarget;
			buildConfigurationList = D896936A1A2ADBD400FF32D1 /* Build configuration list for PBXNativeTarget "HealthTipSwift" */;
			buildPhases = (
				D89693471A2ADBD400FF32D1 /* Sources */,
				D89693481A2ADBD400FF32D1 /* Frameworks */,
				D89693491A2ADBD400FF32D1 /* Resources */,
			);
			buildRules = (
			);
			dependencies = (
			);
			name = HealthTipSwift;
			productName = HealthTipSwift;
			productReference = D896934B1A2ADBD400FF32D1 /* HealthTipSwift.app */;
			productType = "com.apple.product-type.application";
		};
		D896935F1A2ADBD400FF32D1 /* HealthTipSwiftTests */ = {
			isa = PBXNativeTarget;
			buildConfigurationList = D896936D1A2ADBD400FF32D1 /* Build configuration list for PBXNativeTarget "HealthTipSwiftTests" */;
			buildPhases = (
				D896935C1A2ADBD400FF32D1 /* Sources */,
				D896935D1A2ADBD400FF32D1 /* Frameworks */,
				D896935E1A2ADBD400FF32D1 /* Resources */,
			);
			buildRules = (
			);
			dependencies = (
				D89693621A2ADBD400FF32D1 /* PBXTargetDependency */,
			);
			name = HealthTipSwiftTests;
			productName = HealthTipSwiftTests;
			productReference = D89693601A2ADBD400FF32D1 /* HealthTipSwiftTests.xctest */;
			productType = "com.apple.product-type.bundle.unit-test";
		};
/* End PBXNativeTarget section */

/* Begin PBXProject section */
		D89693431A2ADBD400FF32D1 /* Project object */ = {
			isa = PBXProject;
			attributes = {
				LastSwiftUpdateCheck = 0700;
				LastUpgradeCheck = 0610;
				ORGANIZATIONNAME = Yorke;
				TargetAttributes = {
					D896934A1A2ADBD400FF32D1 = {
						CreatedOnToolsVersion = 6.1;
					};
					D896935F1A2ADBD400FF32D1 = {
						CreatedOnToolsVersion = 6.1;
						TestTargetID = D896934A1A2ADBD400FF32D1;
					};
				};
			};
			buildConfigurationList = D89693461A2ADBD400FF32D1 /* Build configuration list for PBXProject "HealthTipSwift" */;
			compatibilityVersion = "Xcode 3.2";
			developmentRegion = English;
			hasScannedForEncodings = 0;
			knownRegions = (
				en,
				Base,
			);
			mainGroup = D89693421A2ADBD400FF32D1;
			productRefGroup = D896934C1A2ADBD400FF32D1 /* Products */;
			projectDirPath = "";
			projectRoot = "";
			targets = (
				D896934A1A2ADBD400FF32D1 /* HealthTipSwift */,
				D896935F1A2ADBD400FF32D1 /* HealthTipSwiftTests */,
			);
		};
/* End PBXProject section */

/* Begin PBXResourcesBuildPhase section */
		D89693491A2ADBD400FF32D1 /* Resources */ = {
			isa = PBXResourcesBuildPhase;
			buildActionMask = 2147483647;
			files = (
				D89693561A2ADBD400FF32D1 /* Main.storyboard in Resources */,
				D896935B1A2ADBD400FF32D1 /* LaunchScreen.xib in Resources */,
				D89693581A2ADBD400FF32D1 /* Images.xcassets in Resources */,
			);
			runOnlyForDeploymentPostprocessing = 0;
		};
		D896935E1A2ADBD400FF32D1 /* Resources */ = {
			isa = PBXResourcesBuildPhase;
			buildActionMask = 2147483647;
			files = (
			);
			runOnlyForDeploymentPostprocessing = 0;
		};
/* End PBXResourcesBuildPhase section */

/* Begin PBXSourcesBuildPhase section */
		D89693471A2ADBD400FF32D1 /* Sources */ = {
			isa = PBXSourcesBuildPhase;
			buildActionMask = 2147483647;
			files = (
				D89693531A2ADBD400FF32D1 /* ViewController.swift in Sources */,
				D89693511A2ADBD400FF32D1 /* AppDelegate.swift in Sources */,
			);
			runOnlyForDeploymentPostprocessing = 0;
		};
		D896935C1A2ADBD400FF32D1 /* Sources */ = {
			isa = PBXSourcesBuildPhase;
			buildActionMask = 2147483647;
			files = (
				D89693671A2ADBD400FF32D1 /* HealthTipSwiftTests.swift in Sources */,
			);
			runOnlyForDeploymentPostprocessing = 0;
		};
/* End PBXSourcesBuildPhase section */

/* Begin PBXTargetDependency section */
		D89693621A2ADBD400FF32D1 /* PBXTargetDependency */ = {
			isa = PBXTargetDependency;
			target = D896934A1A2ADBD400FF32D1 /* HealthTipSwift */;
			targetProxy = D89693611A2ADBD400FF32D1 /* PBXContainerItemProxy */;
		};
/* End PBXTargetDependency section */

/* Begin PBXVariantGroup section */
		D89693541A2ADBD400FF32D1 /* Main.storyboard */ = {
			isa = PBXVariantGroup;
			children = (
				D89693551A2ADBD400FF32D1 /* Base */,
			);
			name = Main.storyboard;
			sourceTree = "<group>";
		};
		D89693591A2ADBD400FF32D1 /* LaunchScreen.xib */ = {
			isa = PBXVariantGroup;
			children = (
				D896935A1A2ADBD400FF32D1 /* Base */,
			);
			name = LaunchScreen.xib;
			sourceTree = "<group>";
		};
/* End PBXVariantGroup section */

/* Begin XCBuildConfiguration section */
		D89693681A2ADBD400FF32D1 /* Debug */ = {
			isa = XCBuildConfiguration;
			buildSettings = {
				ALWAYS_SEARCH_USER_PATHS = NO;
				CLANG_CXX_LANGUAGE_STANDARD = "gnu++0x";
				CLANG_CXX_LIBRARY = "libc++";
				CLANG_ENABLE_MODULES = YES;
				CLANG_ENABLE_OBJC_ARC = YES;
				CLANG_WARN_BOOL_CONVERSION = YES;
				CLANG_WARN_CONSTANT_CONVERSION = YES;
				CLANG_WARN_DIRECT_OBJC_ISA_USAGE = YES_ERROR;
				CLANG_WARN_EMPTY_BODY = YES;
				CLANG_WARN_ENUM_CONVERSION = YES;
				CLANG_WARN_INT_CONVERSION = YES;
				CLANG_WARN_OBJC_ROOT_CLASS = YES_ERROR;
				CLANG_WARN_UNREACHABLE_CODE = YES;
				CLANG_WARN__DUPLICATE_METHOD_MATCH = YES;
				"CODE_SIGN_IDENTITY[sdk=iphoneos*]" = "iPhone Developer";
				COPY_PHASE_STRIP = NO;
				ENABLE_STRICT_OBJC_MSGSEND = YES;
				GCC_C_LANGUAGE_STANDARD = gnu99;
				GCC_DYNAMIC_NO_PIC = NO;
				GCC_OPTIMIZATION_LEVEL = 0;
				GCC_PREPROCESSOR_DEFINITIONS = (
					"DEBUG=1",
					"$(inherited)",
				);
				GCC_SYMBOLS_PRIVATE_EXTERN = NO;
				GCC_WARN_64_TO_32_BIT_CONVERSION = YES;
				GCC_WARN_ABOUT_RETURN_TYPE = YES_ERROR;
				GCC_WARN_UNDECLARED_SELECTOR = YES;
				GCC_WARN_UNINITIALIZED_AUTOS = YES_AGGRESSIVE;
				GCC_WARN_UNUSED_FUNCTION = YES;
				GCC_WARN_UNUSED_VARIABLE = YES;
				IPHONEOS_DEPLOYMENT_TARGET = 8.1;
				MTL_ENABLE_DEBUG_INFO = YES;
				ONLY_ACTIVE_ARCH = YES;
				SDKROOT = iphoneos;
				SWIFT_OPTIMIZATION_LEVEL = "-Onone";
			};
			name = Debug;
		};
		D89693691A2ADBD400FF32D1 /* Release */ = {
			isa = XCBuildConfiguration;
			buildSettings = {
				ALWAYS_SEARCH_USER_PATHS = NO;
				CLANG_CXX_LANGUAGE_STANDARD = "gnu++0x";
				CLANG_CXX_LIBRARY = "libc++";
				CLANG_ENABLE_MODULES = YES;
				CLANG_ENABLE_OBJC_ARC = YES;
				CLANG_WARN_BOOL_CONVERSION = YES;
				CLANG_WARN_CONSTANT_CONVERSION = YES;
				CLANG_WARN_DIRECT_OBJC_ISA_USAGE = YES_ERROR;
				CLANG_WARN_EMPTY_BODY = YES;
				CLANG_WARN_ENUM_CONVERSION = YES;
				CLANG_WARN_INT_CONVERSION = YES;
				CLANG_WARN_OBJC_ROOT_CLASS = YES_ERROR;
				CLANG_WARN_UNREACHABLE_CODE = YES;
				CLANG_WARN__DUPLICATE_METHOD_MATCH = YES;
				"CODE_SIGN_IDENTITY[sdk=iphoneos*]" = "iPhone Developer";
				COPY_PHASE_STRIP = YES;
				ENABLE_NS_ASSERTIONS = NO;
				ENABLE_STRICT_OBJC_MSGSEND = YES;
				GCC_C_LANGUAGE_STANDARD = gnu99;
				GCC_WARN_64_TO_32_BIT_CONVERSION = YES;
				GCC_WARN_ABOUT_RETURN_TYPE = YES_ERROR;
				GCC_WARN_UNDECLARED_SELECTOR = YES;
				GCC_WARN_UNINITIALIZED_AUTOS = YES_AGGRESSIVE;
				GCC_WARN_UNUSED_FUNCTION = YES;
				GCC_WARN_UNUSED_VARIABLE = YES;
				IPHONEOS_DEPLOYMENT_TARGET = 8.1;
				MTL_ENABLE_DEBUG_INFO = NO;
				SDKROOT = iphoneos;
				VALIDATE_PRODUCT = YES;
			};
			name = Release;
		};
		D896936B1A2ADBD400FF32D1 /* Debug */ = {
			isa = XCBuildConfiguration;
			buildSettings = {
				ASSETCATALOG_COMPILER_APPICON_NAME = AppIcon;
				INFOPLIST_FILE = HealthTipSwift/Info.plist;
				IPHONEOS_DEPLOYMENT_TARGET = 9.0;
				LD_RUNPATH_SEARCH_PATHS = "$(inherited) @executable_path/Frameworks";
				PRODUCT_NAME = "$(TARGET_NAME)";
			};
			name = Debug;
		};
		D896936C1A2ADBD400FF32D1 /* Release */ = {
			isa = XCBuildConfiguration;
			buildSettings = {
				ASSETCATALOG_COMPILER_APPICON_NAME = AppIcon;
				INFOPLIST_FILE = HealthTipSwift/Info.plist;
				IPHONEOS_DEPLOYMENT_TARGET = 9.0;
				LD_RUNPATH_SEARCH_PATHS = "$(inherited) @executable_path/Frameworks";
				PRODUCT_NAME = "$(TARGET_NAME)";
			};
			name = Release;
		};
		D896936E1A2ADBD400FF32D1 /* Debug */ = {
			isa = XCBuildConfiguration;
			buildSettings = {
				BUNDLE_LOADER = "$(TEST_HOST)";
				FRAMEWORK_SEARCH_PATHS = (
					"$(SDKROOT)/Developer/Library/Frameworks",
					"$(inherited)",
				);
				GCC_PREPROCESSOR_DEFINITIONS = (
					"DEBUG=1",
					"$(inherited)",
				);
				INFOPLIST_FILE = HealthTipSwiftTests/Info.plist;
				LD_RUNPATH_SEARCH_PATHS = "$(inherited) @executable_path/Frameworks @loader_path/Frameworks";
				PRODUCT_NAME = "$(TARGET_NAME)";
				TEST_HOST = "$(BUILT_PRODUCTS_DIR)/HealthTipSwift.app/HealthTipSwift";
			};
			name = Debug;
		};
		D896936F1A2ADBD400FF32D1 /* Release */ = {
			isa = XCBuildConfiguration;
			buildSettings = {
				BUNDLE_LOADER = "$(TEST_HOST)";
				FRAMEWORK_SEARCH_PATHS = (
					"$(SDKROOT)/Developer/Library/Frameworks",
					"$(inherited)",
				);
				INFOPLIST_FILE = HealthTipSwiftTests/Info.plist;
				LD_RUNPATH_SEARCH_PATHS = "$(inherited) @executable_path/Frameworks @loader_path/Frameworks";
				PRODUCT_NAME = "$(TARGET_NAME)";
				TEST_HOST = "$(BUILT_PRODUCTS_DIR)/HealthTipSwift.app/HealthTipSwift";
			};
			name = Release;
		};
/* End XCBuildConfiguration section */

/* Begin XCConfigurationList section */
		D89693461A2ADBD400FF32D1 /* Build configuration list for PBXProject "HealthTipSwift" */ = {
			isa = XCConfigurationList;
			buildConfigurations = (
				D89693681A2ADBD400FF32D1 /* Debug */,
				D89693691A2ADBD400FF32D1 /* Release */,
			);
			defaultConfigurationIsVisible = 0;
			defaultConfigurationName = Release;
		};
		D896936A1A2ADBD400FF32D1 /* Build configuration list for PBXNativeTarget "HealthTipSwift" */ = {
			isa = XCConfigurationList;
			buildConfigurations = (
				D896936B1A2ADBD400FF32D1 /* Debug */,
				D896936C1A2ADBD400FF32D1 /* Release */,
			);
			defaultConfigurationIsVisible = 0;
			defaultConfigurationName = Release;
		};
		D896936D1A2ADBD400FF32D1 /* Build configuration list for PBXNativeTarget "HealthTipSwiftTests" */ = {
			isa = XCConfigurationList;
			buildConfigurations = (
				D896936E1A2ADBD400FF32D1 /* Debug */,
				D896936F1A2ADBD400FF32D1 /* Release */,
			);
			defaultConfigurationIsVisible = 0;
			defaultConfigurationName = Release;
		};
/* End XCConfigurationList section */
	};
	rootObject = D89693431A2ADBD400FF32D1 /* Project object */;
}
